
Microsoft Visual Studio Solution File, Format Version 12.00
# Visual Studio Version 17
VisualStudioVersion = 17.7.34024.191
MinimumVisualStudioVersion = 10.0.40219.1
Project("{FAE04EC0-301F-11D3-BF4B-00C04F79EFBC}") = "PacificToursApp.Server", "PacificToursApp\Server\PacificToursApp.Server.csproj", "{542FBF19-6D4C-49E3-84FD-CEED08E67E7E}"
EndProject
Project("{FAE04EC0-301F-11D3-BF4B-00C04F79EFBC}") = "PacificToursApp.Client", "PacificToursApp\Client\PacificToursApp.Client.csproj", "{A23B3DAD-95B5-4B36-A58B-54F1C5B399F5}"
EndProject
Project("{FAE04EC0-301F-11D3-BF4B-00C04F79EFBC}") = "PacificToursApp.Shared", "PacificToursApp\Shared\PacificToursApp.Shared.csproj", "{3DB9134D-F688-447F-8FB8-7C806B5091B8}"
EndProject
Global
	GlobalSection(SolutionConfigurationPlatforms) = preSolution
		Debug|Any CPU = Debug|Any CPU
		Release|Any CPU = Release|Any CPU
	EndGlobalSection
	GlobalSection(ProjectConfigurationPlatforms) = postSolution
		{542FBF19-6D4C-49E3-84FD-CEED08E67E7E}.Debug|Any CPU.ActiveCfg = Debug|Any CPU
		{542FBF19-6D4C-49E3-84FD-CEED08E67E7E}.Debug|Any CPU.Build.0 = Debug|Any CPU
		{542FBF19-6D4C-49E3-84FD-CEED08E67E7E}.Release|Any CPU.ActiveCfg = Release|Any CPU
		{542FBF19-6D4C-49E3-84FD-CEED08E67E7E}.Release|Any CPU.Build.0 = Release|Any CPU
		{A23B3DAD-95B5-4B36-A58B-54F1C5B399F5}.Debug|Any CPU.ActiveCfg = Debug|Any CPU
		{A23B3DAD-95B5-4B36-A58B-54F1C5B399F5}.Debug|Any CPU.Build.0 = Debug|Any CPU
		{A23B3DAD-95B5-4B36-A58B-54F1C5B399F5}.Release|Any CPU.ActiveCfg = Release|Any CPU
		{A23B3DAD-95B5-4B36-A58B-54F1C5B399F5}.Release|Any CPU.Build.0 = Release|Any CPU
		{3DB9134D-F688-447F-8FB8-7C806B5091B8}.Debug|Any CPU.ActiveCfg = Debug|Any CPU
		{3DB9134D-F688-447F-8FB8-7C806B5091B8}.Debug|Any CPU.Build.0 = Debug|Any CPU
		{3DB9134D-F688-447F-8FB8-7C806B5091B8}.Release|Any CPU.ActiveCfg = Release|Any CPU
		{3DB9134D-F688-447F-8FB8-7C806B5091B8}.Release|Any CPU.Build.0 = Release|Any CPU
	EndGlobalSection
	GlobalSection(SolutionProperties) = preSolution
		HideSolutionNode = FALSE
	EndGlobalSection
	GlobalSection(ExtensibilityGlobals) = postSolution
		SolutionGuid = {FFA2AAFE-043E-4C9B-86CB-C25A1FFC3269}
	EndGlobalSection
EndGlobal
